# generated by rye
# use `rye lock` or `rye sync` to update this lockfile
#
# last locked with the following flags:
#   pre: false
#   features: []
#   all-features: false
#   with-sources: false

-e file:.
aiobotocore==2.12.3
    # via s3fs
aiohttp==3.9.4
    # via aiobotocore
    # via s3fs
aioitertools==0.11.0
    # via aiobotocore
aiosignal==1.3.1
    # via aiohttp
attrs==23.2.0
    # via aiohttp
    # via pytask
    # via pytask-parallel
botocore==1.34.69
    # via aiobotocore
click==8.1.7
    # via click-default-group
    # via pytask
    # via pytask-parallel
click-default-group==1.2.4
    # via pytask
cloudpickle==3.0.0
    # via loky
    # via pytask-parallel
frozenlist==1.4.1
    # via aiohttp
    # via aiosignal
fsspec==2024.3.1
    # via s3fs
greenlet==3.0.3
    # via sqlalchemy
idna==3.7
    # via yarl
jmespath==1.0.1
    # via botocore
loky==3.4.1
    # via pytask-parallel
markdown-it-py==3.0.0
    # via rich
mdurl==0.1.2
    # via markdown-it-py
multidict==6.0.5
    # via aiohttp
    # via yarl
networkx==3.3
    # via pytask
optree==0.11.0
    # via pytask
packaging==24.0
    # via pytask
pluggy==1.4.0
    # via pytask
    # via pytask-parallel
pygments==2.17.2
    # via rich
pytask==0.4.7
    # via pytask-parallel
python-dateutil==2.9.0.post0
    # via botocore
rich==13.7.1
    # via pytask
    # via pytask-parallel
s3fs==2024.3.1
six==1.16.0
    # via python-dateutil
sqlalchemy==2.0.29
    # via pytask
typing-extensions==4.11.0
    # via optree
    # via sqlalchemy
urllib3==2.2.1
    # via botocore
wrapt==1.16.0
    # via aiobotocore
yarl==1.9.4
    # via aiohttp
